
Microsoft Visual Studio Solution File, Format Version 12.00
# Visual Studio Version 17
VisualStudioVersion = 17.3.32901.215
MinimumVisualStudioVersion = 10.0.40219.1
Project("{FAE04EC0-301F-11D3-BF4B-00C04F79EFBC}") = "WebAPIClient", "WebAPIClient.csproj", "{3E5CF466-57B9-4889-AC1C-7D6BF71D6B75}"
EndProject
Global
	GlobalSection(SolutionConfigurationPlatforms) = preSolution
		Debug|Any CPU = Debug|Any CPU
		Release|Any CPU = Release|Any CPU
	EndGlobalSection
	GlobalSection(ProjectConfigurationPlatforms) = postSolution
		{3E5CF466-57B9-4889-AC1C-7D6BF71D6B75}.Debug|Any CPU.ActiveCfg = Debug|Any CPU
		{3E5CF466-57B9-4889-AC1C-7D6BF71D6B75}.Debug|Any CPU.Build.0 = Debug|Any CPU
		{3E5CF466-57B9-4889-AC1C-7D6BF71D6B75}.Release|Any CPU.ActiveCfg = Release|Any CPU
		{3E5CF466-57B9-4889-AC1C-7D6BF71D6B75}.Release|Any CPU.Build.0 = Release|Any CPU
	EndGlobalSection
	GlobalSection(SolutionProperties) = preSolution
		HideSolutionNode = FALSE
	EndGlobalSection
	GlobalSection(ExtensibilityGlobals) = postSolution
		SolutionGuid = {FE86F7F0-2767-4B25-9F5C-1E44167870A0}
	EndGlobalSection
EndGlobal
